
Microsoft Visual Studio Solution File, Format Version 12.00
# Visual Studio Version 17
VisualStudioVersion = 17.5.33424.131
MinimumVisualStudioVersion = 10.0.40219.1
Project("{9A19103F-16F7-4668-BE54-9A1E7A4F7556}") = "UtilityBot", "UtilityBot.csproj", "{49EE2A16-D679-41C1-B28E-B415ED00433F}"
EndProject
Global
	GlobalSection(SolutionConfigurationPlatforms) = preSolution
		Debug|Any CPU = Debug|Any CPU
		Release|Any CPU = Release|Any CPU
	EndGlobalSection
	GlobalSection(ProjectConfigurationPlatforms) = postSolution
		{49EE2A16-D679-41C1-B28E-B415ED00433F}.Debug|Any CPU.ActiveCfg = Debug|Any CPU
		{49EE2A16-D679-41C1-B28E-B415ED00433F}.Debug|Any CPU.Build.0 = Debug|Any CPU
		{49EE2A16-D679-41C1-B28E-B415ED00433F}.Release|Any CPU.ActiveCfg = Release|Any CPU
		{49EE2A16-D679-41C1-B28E-B415ED00433F}.Release|Any CPU.Build.0 = Release|Any CPU
	EndGlobalSection
	GlobalSection(SolutionProperties) = preSolution
		HideSolutionNode = FALSE
	EndGlobalSection
	GlobalSection(ExtensibilityGlobals) = postSolution
		SolutionGuid = {E60A4779-DD23-4BEF-9001-F6BD40C115E1}
	EndGlobalSection
EndGlobal
